
Microsoft Visual Studio Solution File, Format Version 12.00
# Visual Studio Version 17
VisualStudioVersion = 17.10.35013.160
MinimumVisualStudioVersion = 10.0.40219.1
Project("{FAE04EC0-301F-11D3-BF4B-00C04F79EFBC}") = "Application", "Application\Application.csproj", "{6E51621E-D0F2-4A7E-B5D8-11B9DDC3F585}"
EndProject
Project("{FAE04EC0-301F-11D3-BF4B-00C04F79EFBC}") = "Domain", "Domain\Domain.csproj", "{BA56294A-21E5-4DA0-A0E3-41CF63D83D1C}"
EndProject
Project("{FAE04EC0-301F-11D3-BF4B-00C04F79EFBC}") = "Infrastructure", "Infrastructure\Infrastructure.csproj", "{911D7FBC-1F88-4102-A18B-20B1D116DFAA}"
EndProject
Project("{FAE04EC0-301F-11D3-BF4B-00C04F79EFBC}") = "Persistence", "Persistence\Persistence.csproj", "{FAD5EBEE-C5F9-4CD9-9C96-BB70A8B46D10}"
EndProject
Project("{FAE04EC0-301F-11D3-BF4B-00C04F79EFBC}") = "WebApi", "WebApi\WebApi.csproj", "{DAA7E9BA-F656-401A-A297-BD4250C19448}"
EndProject
Global
	GlobalSection(SolutionConfigurationPlatforms) = preSolution
		Debug|Any CPU = Debug|Any CPU
		Release|Any CPU = Release|Any CPU
	EndGlobalSection
	GlobalSection(ProjectConfigurationPlatforms) = postSolution
		{6E51621E-D0F2-4A7E-B5D8-11B9DDC3F585}.Debug|Any CPU.ActiveCfg = Debug|Any CPU
		{6E51621E-D0F2-4A7E-B5D8-11B9DDC3F585}.Debug|Any CPU.Build.0 = Debug|Any CPU
		{6E51621E-D0F2-4A7E-B5D8-11B9DDC3F585}.Release|Any CPU.ActiveCfg = Release|Any CPU
		{6E51621E-D0F2-4A7E-B5D8-11B9DDC3F585}.Release|Any CPU.Build.0 = Release|Any CPU
		{BA56294A-21E5-4DA0-A0E3-41CF63D83D1C}.Debug|Any CPU.ActiveCfg = Debug|Any CPU
		{BA56294A-21E5-4DA0-A0E3-41CF63D83D1C}.Debug|Any CPU.Build.0 = Debug|Any CPU
		{BA56294A-21E5-4DA0-A0E3-41CF63D83D1C}.Release|Any CPU.ActiveCfg = Release|Any CPU
		{BA56294A-21E5-4DA0-A0E3-41CF63D83D1C}.Release|Any CPU.Build.0 = Release|Any CPU
		{911D7FBC-1F88-4102-A18B-20B1D116DFAA}.Debug|Any CPU.ActiveCfg = Debug|Any CPU
		{911D7FBC-1F88-4102-A18B-20B1D116DFAA}.Debug|Any CPU.Build.0 = Debug|Any CPU
		{911D7FBC-1F88-4102-A18B-20B1D116DFAA}.Release|Any CPU.ActiveCfg = Release|Any CPU
		{911D7FBC-1F88-4102-A18B-20B1D116DFAA}.Release|Any CPU.Build.0 = Release|Any CPU
		{FAD5EBEE-C5F9-4CD9-9C96-BB70A8B46D10}.Debug|Any CPU.ActiveCfg = Debug|Any CPU
		{FAD5EBEE-C5F9-4CD9-9C96-BB70A8B46D10}.Debug|Any CPU.Build.0 = Debug|Any CPU
		{FAD5EBEE-C5F9-4CD9-9C96-BB70A8B46D10}.Release|Any CPU.ActiveCfg = Release|Any CPU
		{FAD5EBEE-C5F9-4CD9-9C96-BB70A8B46D10}.Release|Any CPU.Build.0 = Release|Any CPU
		{DAA7E9BA-F656-401A-A297-BD4250C19448}.Debug|Any CPU.ActiveCfg = Debug|Any CPU
		{DAA7E9BA-F656-401A-A297-BD4250C19448}.Debug|Any CPU.Build.0 = Debug|Any CPU
		{DAA7E9BA-F656-401A-A297-BD4250C19448}.Release|Any CPU.ActiveCfg = Release|Any CPU
		{DAA7E9BA-F656-401A-A297-BD4250C19448}.Release|Any CPU.Build.0 = Release|Any CPU
	EndGlobalSection
	GlobalSection(SolutionProperties) = preSolution
		HideSolutionNode = FALSE
	EndGlobalSection
	GlobalSection(ExtensibilityGlobals) = postSolution
		SolutionGuid = {B0D43427-D990-4136-ADC9-7F865315FAED}
	EndGlobalSection
EndGlobal
